
Microsoft Visual Studio Solution File, Format Version 12.00
# Visual Studio Version 17
VisualStudioVersion = 17.10.35027.167
MinimumVisualStudioVersion = 10.0.40219.1
Project("{FAE04EC0-301F-11D3-BF4B-00C04F79EFBC}") = "Automatic_Attendance", "Automatic_Attendance.csproj", "{EA552370-0B56-4F1B-BD50-68FB94960406}"
EndProject
Global
	GlobalSection(SolutionConfigurationPlatforms) = preSolution
		Debug|Any CPU = Debug|Any CPU
		Release|Any CPU = Release|Any CPU
	EndGlobalSection
	GlobalSection(ProjectConfigurationPlatforms) = postSolution
		{EA552370-0B56-4F1B-BD50-68FB94960406}.Debug|Any CPU.ActiveCfg = Debug|Any CPU
		{EA552370-0B56-4F1B-BD50-68FB94960406}.Debug|Any CPU.Build.0 = Debug|Any CPU
		{EA552370-0B56-4F1B-BD50-68FB94960406}.Release|Any CPU.ActiveCfg = Release|Any CPU
		{EA552370-0B56-4F1B-BD50-68FB94960406}.Release|Any CPU.Build.0 = Release|Any CPU
	EndGlobalSection
	GlobalSection(SolutionProperties) = preSolution
		HideSolutionNode = FALSE
	EndGlobalSection
	GlobalSection(ExtensibilityGlobals) = postSolution
		SolutionGuid = {C19F8762-0990-4440-8C56-3158BA3EFF51}
	EndGlobalSection
EndGlobal
